{
  "name": "api",
  "lockfileVersion": 3,
  "requires": true,
  "packages": {
    "": {
      "devDependencies": {
        "@types/md5": "^2.3.4"
      }
    },
    "node_modules/@types/md5": {
      "version": "2.3.4",
      "resolved": "https://registry.npmjs.org/@types/md5/-/md5-2.3.4.tgz",
      "integrity": "sha512-e/L4hvpCK8GavKXmP02QlNilZOj8lpmZGGA9QGMMPZjCUoKgi1B4BvhXcbruIi6r+PqzpcjLfda/tocpHFKqDA==",
      "dev": true
    }
  }
}
